
Microsoft Visual Studio Solution File, Format Version 12.00
# Visual Studio Version 17
VisualStudioVersion = 17.3.32811.315
MinimumVisualStudioVersion = 10.0.40219.1
Project("{9A19103F-16F7-4668-BE54-9A1E7A4F7556}") = "IntelOrca.Biohazard", "IntelOrca.Biohazard\IntelOrca.Biohazard.csproj", "{C97CEF41-420F-4910-AC7D-7188A20536FF}"
	ProjectSection(ProjectDependencies) = postProject
		{707B2362-63FD-4B65-B5AF-FE0DD4B09AB7} = {707B2362-63FD-4B65-B5AF-FE0DD4B09AB7}
	EndProjectSection
EndProject
Project("{9A19103F-16F7-4668-BE54-9A1E7A4F7556}") = "biorand", "biorand\biorand.csproj", "{A6990D61-A92F-4F10-B76D-1775DC7813CB}"
EndProject
Project("{9A19103F-16F7-4668-BE54-9A1E7A4F7556}") = "scd", "scd\scd.csproj", "{845E3863-F24E-4A43-AC15-ABA91246E0B3}"
EndProject
Project("{9A19103F-16F7-4668-BE54-9A1E7A4F7556}") = "sap", "sap\sap.csproj", "{E0983689-5E42-4157-AAFB-C6D6E1A2CE4B}"
EndProject
Project("{9A19103F-16F7-4668-BE54-9A1E7A4F7556}") = "IntelOrca.Biohazard.Tests", "IntelOrca.Biohazard.Tests\IntelOrca.Biohazard.Tests.csproj", "{957AEF0F-F2F7-4B4F-BB55-EBEAC5950175}"
EndProject
Project("{8BC9CEB8-8B4A-11D0-8D11-00A0C91BC942}") = "biorandmod", "biorandmod\biorandmod.vcxproj", "{707B2362-63FD-4B65-B5AF-FE0DD4B09AB7}"
EndProject
Project("{9A19103F-16F7-4668-BE54-9A1E7A4F7556}") = "survey", "survey\survey.csproj", "{D38FA81D-3439-42F1-B67E-CCB5C5336DB4}"
EndProject
Project("{9A19103F-16F7-4668-BE54-9A1E7A4F7556}") = "emd", "emd\emd.csproj", "{F152C646-1363-4FCB-B926-CA6BBCC27385}"
EndProject
Project("{9A19103F-16F7-4668-BE54-9A1E7A4F7556}") = "emdui", "emdui\emdui.csproj", "{FCCFCBB9-1E8F-46B6-BC5F-2F23994A561E}"
EndProject
Project("{9A19103F-16F7-4668-BE54-9A1E7A4F7556}") = "IntelOrca.Biohazard.BioRand", "IntelOrca.Biohazard.BioRand\IntelOrca.Biohazard.BioRand.csproj", "{58D6E501-CC3B-49D7-A813-50EF311A0B38}"
EndProject
Project("{9A19103F-16F7-4668-BE54-9A1E7A4F7556}") = "IntelOrca.Biohazard.BioRandTests", "IntelOrca.Biohazard.BioRand.Tests\IntelOrca.Biohazard.BioRandTests.csproj", "{69D82AA9-EBFE-4CBC-BEAA-47F8EFFECD65}"
EndProject
Global
	GlobalSection(SolutionConfigurationPlatforms) = preSolution
		Debug|Any CPU = Debug|Any CPU
		Debug|x64 = Debug|x64
		Debug|x86 = Debug|x86
		Release|Any CPU = Release|Any CPU
		Release|x64 = Release|x64
		Release|x86 = Release|x86
	EndGlobalSection
	GlobalSection(ProjectConfigurationPlatforms) = postSolution
		{C97CEF41-420F-4910-AC7D-7188A20536FF}.Debug|Any CPU.ActiveCfg = Debug|Any CPU
		{C97CEF41-420F-4910-AC7D-7188A20536FF}.Debug|Any CPU.Build.0 = Debug|Any CPU
		{C97CEF41-420F-4910-AC7D-7188A20536FF}.Debug|x64.ActiveCfg = Debug|Any CPU
		{C97CEF41-420F-4910-AC7D-7188A20536FF}.Debug|x64.Build.0 = Debug|Any CPU
		{C97CEF41-420F-4910-AC7D-7188A20536FF}.Debug|x86.ActiveCfg = Debug|Any CPU
		{C97CEF41-420F-4910-AC7D-7188A20536FF}.Debug|x86.Build.0 = Debug|Any CPU
		{C97CEF41-420F-4910-AC7D-7188A20536FF}.Release|Any CPU.ActiveCfg = Release|Any CPU
		{C97CEF41-420F-4910-AC7D-7188A20536FF}.Release|Any CPU.Build.0 = Release|Any CPU
		{C97CEF41-420F-4910-AC7D-7188A20536FF}.Release|x64.ActiveCfg = Release|Any CPU
		{C97CEF41-420F-4910-AC7D-7188A20536FF}.Release|x64.Build.0 = Release|Any CPU
		{C97CEF41-420F-4910-AC7D-7188A20536FF}.Release|x86.ActiveCfg = Release|Any CPU
		{C97CEF41-420F-4910-AC7D-7188A20536FF}.Release|x86.Build.0 = Release|Any CPU
		{A6990D61-A92F-4F10-B76D-1775DC7813CB}.Debug|Any CPU.ActiveCfg = Debug|Any CPU
		{A6990D61-A92F-4F10-B76D-1775DC7813CB}.Debug|Any CPU.Build.0 = Debug|Any CPU
		{A6990D61-A92F-4F10-B76D-1775DC7813CB}.Debug|x64.ActiveCfg = Debug|Any CPU
		{A6990D61-A92F-4F10-B76D-1775DC7813CB}.Debug|x64.Build.0 = Debug|Any CPU
		{A6990D61-A92F-4F10-B76D-1775DC7813CB}.Debug|x86.ActiveCfg = Debug|Any CPU
		{A6990D61-A92F-4F10-B76D-1775DC7813CB}.Debug|x86.Build.0 = Debug|Any CPU
		{A6990D61-A92F-4F10-B76D-1775DC7813CB}.Release|Any CPU.ActiveCfg = Release|Any CPU
		{A6990D61-A92F-4F10-B76D-1775DC7813CB}.Release|Any CPU.Build.0 = Release|Any CPU
		{A6990D61-A92F-4F10-B76D-1775DC7813CB}.Release|x64.ActiveCfg = Release|Any CPU
		{A6990D61-A92F-4F10-B76D-1775DC7813CB}.Release|x64.Build.0 = Release|Any CPU
		{A6990D61-A92F-4F10-B76D-1775DC7813CB}.Release|x86.ActiveCfg = Release|Any CPU
		{A6990D61-A92F-4F10-B76D-1775DC7813CB}.Release|x86.Build.0 = Release|Any CPU
		{845E3863-F24E-4A43-AC15-ABA91246E0B3}.Debug|Any CPU.ActiveCfg = Debug|Any CPU
		{845E3863-F24E-4A43-AC15-ABA91246E0B3}.Debug|Any CPU.Build.0 = Debug|Any CPU
		{845E3863-F24E-4A43-AC15-ABA91246E0B3}.Debug|x64.ActiveCfg = Debug|Any CPU
		{845E3863-F24E-4A43-AC15-ABA91246E0B3}.Debug|x64.Build.0 = Debug|Any CPU
		{845E3863-F24E-4A43-AC15-ABA91246E0B3}.Debug|x86.ActiveCfg = Debug|Any CPU
		{845E3863-F24E-4A43-AC15-ABA91246E0B3}.Debug|x86.Build.0 = Debug|Any CPU
		{845E3863-F24E-4A43-AC15-ABA91246E0B3}.Release|Any CPU.ActiveCfg = Release|Any CPU
		{845E3863-F24E-4A43-AC15-ABA91246E0B3}.Release|Any CPU.Build.0 = Release|Any CPU
		{845E3863-F24E-4A43-AC15-ABA91246E0B3}.Release|x64.ActiveCfg = Release|Any CPU
		{845E3863-F24E-4A43-AC15-ABA91246E0B3}.Release|x64.Build.0 = Release|Any CPU
		{845E3863-F24E-4A43-AC15-ABA91246E0B3}.Release|x86.ActiveCfg = Release|Any CPU
		{845E3863-F24E-4A43-AC15-ABA91246E0B3}.Release|x86.Build.0 = Release|Any CPU
		{E0983689-5E42-4157-AAFB-C6D6E1A2CE4B}.Debug|Any CPU.ActiveCfg = Debug|Any CPU
		{E0983689-5E42-4157-AAFB-C6D6E1A2CE4B}.Debug|Any CPU.Build.0 = Debug|Any CPU
		{E0983689-5E42-4157-AAFB-C6D6E1A2CE4B}.Debug|x64.ActiveCfg = Debug|Any CPU
		{E0983689-5E42-4157-AAFB-C6D6E1A2CE4B}.Debug|x64.Build.0 = Debug|Any CPU
		{E0983689-5E42-4157-AAFB-C6D6E1A2CE4B}.Debug|x86.ActiveCfg = Debug|Any CPU
		{E0983689-5E42-4157-AAFB-C6D6E1A2CE4B}.Debug|x86.Build.0 = Debug|Any CPU
		{E0983689-5E42-4157-AAFB-C6D6E1A2CE4B}.Release|Any CPU.ActiveCfg = Release|Any CPU
		{E0983689-5E42-4157-AAFB-C6D6E1A2CE4B}.Release|Any CPU.Build.0 = Release|Any CPU
		{E0983689-5E42-4157-AAFB-C6D6E1A2CE4B}.Release|x64.ActiveCfg = Release|Any CPU
		{E0983689-5E42-4157-AAFB-C6D6E1A2CE4B}.Release|x64.Build.0 = Release|Any CPU
		{E0983689-5E42-4157-AAFB-C6D6E1A2CE4B}.Release|x86.ActiveCfg = Release|Any CPU
		{E0983689-5E42-4157-AAFB-C6D6E1A2CE4B}.Release|x86.Build.0 = Release|Any CPU
		{957AEF0F-F2F7-4B4F-BB55-EBEAC5950175}.Debug|Any CPU.ActiveCfg = Debug|Any CPU
		{957AEF0F-F2F7-4B4F-BB55-EBEAC5950175}.Debug|Any CPU.Build.0 = Debug|Any CPU
		{957AEF0F-F2F7-4B4F-BB55-EBEAC5950175}.Debug|x64.ActiveCfg = Debug|Any CPU
		{957AEF0F-F2F7-4B4F-BB55-EBEAC5950175}.Debug|x64.Build.0 = Debug|Any CPU
		{957AEF0F-F2F7-4B4F-BB55-EBEAC5950175}.Debug|x86.ActiveCfg = Debug|Any CPU
		{957AEF0F-F2F7-4B4F-BB55-EBEAC5950175}.Debug|x86.Build.0 = Debug|Any CPU
		{957AEF0F-F2F7-4B4F-BB55-EBEAC5950175}.Release|Any CPU.ActiveCfg = Release|Any CPU
		{957AEF0F-F2F7-4B4F-BB55-EBEAC5950175}.Release|Any CPU.Build.0 = Release|Any CPU
		{957AEF0F-F2F7-4B4F-BB55-EBEAC5950175}.Release|x64.ActiveCfg = Release|Any CPU
		{957AEF0F-F2F7-4B4F-BB55-EBEAC5950175}.Release|x64.Build.0 = Release|Any CPU
		{957AEF0F-F2F7-4B4F-BB55-EBEAC5950175}.Release|x86.ActiveCfg = Release|Any CPU
		{957AEF0F-F2F7-4B4F-BB55-EBEAC5950175}.Release|x86.Build.0 = Release|Any CPU
		{707B2362-63FD-4B65-B5AF-FE0DD4B09AB7}.Debug|Any CPU.ActiveCfg = Debug|Win32
		{707B2362-63FD-4B65-B5AF-FE0DD4B09AB7}.Debug|Any CPU.Build.0 = Debug|Win32
		{707B2362-63FD-4B65-B5AF-FE0DD4B09AB7}.Debug|x64.ActiveCfg = Debug|Win32
		{707B2362-63FD-4B65-B5AF-FE0DD4B09AB7}.Debug|x64.Build.0 = Debug|Win32
		{707B2362-63FD-4B65-B5AF-FE0DD4B09AB7}.Debug|x86.ActiveCfg = Debug|Win32
		{707B2362-63FD-4B65-B5AF-FE0DD4B09AB7}.Debug|x86.Build.0 = Debug|Win32
		{707B2362-63FD-4B65-B5AF-FE0DD4B09AB7}.Release|Any CPU.ActiveCfg = Release|Win32
		{707B2362-63FD-4B65-B5AF-FE0DD4B09AB7}.Release|Any CPU.Build.0 = Release|Win32
		{707B2362-63FD-4B65-B5AF-FE0DD4B09AB7}.Release|x64.ActiveCfg = Release|Win32
		{707B2362-63FD-4B65-B5AF-FE0DD4B09AB7}.Release|x64.Build.0 = Release|Win32
		{707B2362-63FD-4B65-B5AF-FE0DD4B09AB7}.Release|x86.ActiveCfg = Release|Win32
		{707B2362-63FD-4B65-B5AF-FE0DD4B09AB7}.Release|x86.Build.0 = Release|Win32
		{D38FA81D-3439-42F1-B67E-CCB5C5336DB4}.Debug|Any CPU.ActiveCfg = Debug|Any CPU
		{D38FA81D-3439-42F1-B67E-CCB5C5336DB4}.Debug|Any CPU.Build.0 = Debug|Any CPU
		{D38FA81D-3439-42F1-B67E-CCB5C5336DB4}.Debug|x64.ActiveCfg = Debug|Any CPU
		{D38FA81D-3439-42F1-B67E-CCB5C5336DB4}.Debug|x64.Build.0 = Debug|Any CPU
		{D38FA81D-3439-42F1-B67E-CCB5C5336DB4}.Debug|x86.ActiveCfg = Debug|Any CPU
		{D38FA81D-3439-42F1-B67E-CCB5C5336DB4}.Debug|x86.Build.0 = Debug|Any CPU
		{D38FA81D-3439-42F1-B67E-CCB5C5336DB4}.Release|Any CPU.ActiveCfg = Release|Any CPU
		{D38FA81D-3439-42F1-B67E-CCB5C5336DB4}.Release|Any CPU.Build.0 = Release|Any CPU
		{D38FA81D-3439-42F1-B67E-CCB5C5336DB4}.Release|x64.ActiveCfg = Release|Any CPU
		{D38FA81D-3439-42F1-B67E-CCB5C5336DB4}.Release|x64.Build.0 = Release|Any CPU
		{D38FA81D-3439-42F1-B67E-CCB5C5336DB4}.Release|x86.ActiveCfg = Release|Any CPU
		{D38FA81D-3439-42F1-B67E-CCB5C5336DB4}.Release|x86.Build.0 = Release|Any CPU
		{F152C646-1363-4FCB-B926-CA6BBCC27385}.Debug|Any CPU.ActiveCfg = Debug|Any CPU
		{F152C646-1363-4FCB-B926-CA6BBCC27385}.Debug|Any CPU.Build.0 = Debug|Any CPU
		{F152C646-1363-4FCB-B926-CA6BBCC27385}.Debug|x64.ActiveCfg = Debug|Any CPU
		{F152C646-1363-4FCB-B926-CA6BBCC27385}.Debug|x64.Build.0 = Debug|Any CPU
		{F152C646-1363-4FCB-B926-CA6BBCC27385}.Debug|x86.ActiveCfg = Debug|Any CPU
		{F152C646-1363-4FCB-B926-CA6BBCC27385}.Debug|x86.Build.0 = Debug|Any CPU
		{F152C646-1363-4FCB-B926-CA6BBCC27385}.Release|Any CPU.ActiveCfg = Release|Any CPU
		{F152C646-1363-4FCB-B926-CA6BBCC27385}.Release|Any CPU.Build.0 = Release|Any CPU
		{F152C646-1363-4FCB-B926-CA6BBCC27385}.Release|x64.ActiveCfg = Release|Any CPU
		{F152C646-1363-4FCB-B926-CA6BBCC27385}.Release|x64.Build.0 = Release|Any CPU
		{F152C646-1363-4FCB-B926-CA6BBCC27385}.Release|x86.ActiveCfg = Release|Any CPU
		{F152C646-1363-4FCB-B926-CA6BBCC27385}.Release|x86.Build.0 = Release|Any CPU
		{FCCFCBB9-1E8F-46B6-BC5F-2F23994A561E}.Debug|Any CPU.ActiveCfg = Debug|Any CPU
		{FCCFCBB9-1E8F-46B6-BC5F-2F23994A561E}.Debug|Any CPU.Build.0 = Debug|Any CPU
		{FCCFCBB9-1E8F-46B6-BC5F-2F23994A561E}.Debug|x64.ActiveCfg = Debug|Any CPU
		{FCCFCBB9-1E8F-46B6-BC5F-2F23994A561E}.Debug|x64.Build.0 = Debug|Any CPU
		{FCCFCBB9-1E8F-46B6-BC5F-2F23994A561E}.Debug|x86.ActiveCfg = Debug|Any CPU
		{FCCFCBB9-1E8F-46B6-BC5F-2F23994A561E}.Debug|x86.Build.0 = Debug|Any CPU
		{FCCFCBB9-1E8F-46B6-BC5F-2F23994A561E}.Release|Any CPU.ActiveCfg = Release|Any CPU
		{FCCFCBB9-1E8F-46B6-BC5F-2F23994A561E}.Release|Any CPU.Build.0 = Release|Any CPU
		{FCCFCBB9-1E8F-46B6-BC5F-2F23994A561E}.Release|x64.ActiveCfg = Release|Any CPU
		{FCCFCBB9-1E8F-46B6-BC5F-2F23994A561E}.Release|x64.Build.0 = Release|Any CPU
		{FCCFCBB9-1E8F-46B6-BC5F-2F23994A561E}.Release|x86.ActiveCfg = Release|Any CPU
		{FCCFCBB9-1E8F-46B6-BC5F-2F23994A561E}.Release|x86.Build.0 = Release|Any CPU
		{58D6E501-CC3B-49D7-A813-50EF311A0B38}.Debug|Any CPU.ActiveCfg = Debug|Any CPU
		{58D6E501-CC3B-49D7-A813-50EF311A0B38}.Debug|Any CPU.Build.0 = Debug|Any CPU
		{58D6E501-CC3B-49D7-A813-50EF311A0B38}.Debug|x64.ActiveCfg = Debug|Any CPU
		{58D6E501-CC3B-49D7-A813-50EF311A0B38}.Debug|x64.Build.0 = Debug|Any CPU
		{58D6E501-CC3B-49D7-A813-50EF311A0B38}.Debug|x86.ActiveCfg = Debug|Any CPU
		{58D6E501-CC3B-49D7-A813-50EF311A0B38}.Debug|x86.Build.0 = Debug|Any CPU
		{58D6E501-CC3B-49D7-A813-50EF311A0B38}.Release|Any CPU.ActiveCfg = Release|Any CPU
		{58D6E501-CC3B-49D7-A813-50EF311A0B38}.Release|Any CPU.Build.0 = Release|Any CPU
		{58D6E501-CC3B-49D7-A813-50EF311A0B38}.Release|x64.ActiveCfg = Release|Any CPU
		{58D6E501-CC3B-49D7-A813-50EF311A0B38}.Release|x64.Build.0 = Release|Any CPU
		{58D6E501-CC3B-49D7-A813-50EF311A0B38}.Release|x86.ActiveCfg = Release|Any CPU
		{58D6E501-CC3B-49D7-A813-50EF311A0B38}.Release|x86.Build.0 = Release|Any CPU
		{69D82AA9-EBFE-4CBC-BEAA-47F8EFFECD65}.Debug|Any CPU.ActiveCfg = Debug|Any CPU
		{69D82AA9-EBFE-4CBC-BEAA-47F8EFFECD65}.Debug|Any CPU.Build.0 = Debug|Any CPU
		{69D82AA9-EBFE-4CBC-BEAA-47F8EFFECD65}.Debug|x64.ActiveCfg = Debug|Any CPU
		{69D82AA9-EBFE-4CBC-BEAA-47F8EFFECD65}.Debug|x64.Build.0 = Debug|Any CPU
		{69D82AA9-EBFE-4CBC-BEAA-47F8EFFECD65}.Debug|x86.ActiveCfg = Debug|Any CPU
		{69D82AA9-EBFE-4CBC-BEAA-47F8EFFECD65}.Debug|x86.Build.0 = Debug|Any CPU
		{69D82AA9-EBFE-4CBC-BEAA-47F8EFFECD65}.Release|Any CPU.ActiveCfg = Release|Any CPU
		{69D82AA9-EBFE-4CBC-BEAA-47F8EFFECD65}.Release|Any CPU.Build.0 = Release|Any CPU
		{69D82AA9-EBFE-4CBC-BEAA-47F8EFFECD65}.Release|x64.ActiveCfg = Release|Any CPU
		{69D82AA9-EBFE-4CBC-BEAA-47F8EFFECD65}.Release|x64.Build.0 = Release|Any CPU
		{69D82AA9-EBFE-4CBC-BEAA-47F8EFFECD65}.Release|x86.ActiveCfg = Release|Any CPU
		{69D82AA9-EBFE-4CBC-BEAA-47F8EFFECD65}.Release|x86.Build.0 = Release|Any CPU
	EndGlobalSection
	GlobalSection(SolutionProperties) = preSolution
		HideSolutionNode = FALSE
	EndGlobalSection
	GlobalSection(ExtensibilityGlobals) = postSolution
		SolutionGuid = {8FC2BB9D-F159-4006-AFB0-0854CB21B23A}
	EndGlobalSection
EndGlobal
