
Microsoft Visual Studio Solution File, Format Version 12.00
# Visual Studio Version 17
VisualStudioVersion = 17.3.32811.315
MinimumVisualStudioVersion = 10.0.40219.1
Project("{9A19103F-16F7-4668-BE54-9A1E7A4F7556}") = "biorand", "biorand\biorand.csproj", "{A6990D61-A92F-4F10-B76D-1775DC7813CB}"
EndProject
Project("{8BC9CEB8-8B4A-11D0-8D11-00A0C91BC942}") = "biorandmod", "biorandmod\biorandmod.vcxproj", "{707B2362-63FD-4B65-B5AF-FE0DD4B09AB7}"
EndProject
Project("{9A19103F-16F7-4668-BE54-9A1E7A4F7556}") = "IntelOrca.Biohazard.BioRand", "IntelOrca.Biohazard.BioRand\IntelOrca.Biohazard.BioRand.csproj", "{58D6E501-CC3B-49D7-A813-50EF311A0B38}"
	ProjectSection(ProjectDependencies) = postProject
		{707B2362-63FD-4B65-B5AF-FE0DD4B09AB7} = {707B2362-63FD-4B65-B5AF-FE0DD4B09AB7}
	EndProjectSection
EndProject
Project("{9A19103F-16F7-4668-BE54-9A1E7A4F7556}") = "IntelOrca.Biohazard.BioRand.Tests", "IntelOrca.Biohazard.BioRand.Tests\IntelOrca.Biohazard.BioRand.Tests.csproj", "{69D82AA9-EBFE-4CBC-BEAA-47F8EFFECD65}"
EndProject
Project("{9A19103F-16F7-4668-BE54-9A1E7A4F7556}") = "IntelOrca.Biohazard", "biohazard-utils\src\IntelOrca.Biohazard\IntelOrca.Biohazard.csproj", "{66E02DD8-9F1A-4D2F-84FE-5AB7157663B6}"
EndProject
Project("{9A19103F-16F7-4668-BE54-9A1E7A4F7556}") = "Ps2IsoTools", "Ps2IsoTools\Ps2IsoTools\Ps2IsoTools.csproj", "{6E501365-ECF7-4B27-8058-9040FBBDD017}"
EndProject
Global
	GlobalSection(SolutionConfigurationPlatforms) = preSolution
		Debug|Any CPU = Debug|Any CPU
		Debug|x64 = Debug|x64
		Debug|x86 = Debug|x86
		Release|Any CPU = Release|Any CPU
		Release|x64 = Release|x64
		Release|x86 = Release|x86
	EndGlobalSection
	GlobalSection(ProjectConfigurationPlatforms) = postSolution
		{A6990D61-A92F-4F10-B76D-1775DC7813CB}.Debug|Any CPU.ActiveCfg = Debug|Any CPU
		{A6990D61-A92F-4F10-B76D-1775DC7813CB}.Debug|Any CPU.Build.0 = Debug|Any CPU
		{A6990D61-A92F-4F10-B76D-1775DC7813CB}.Debug|x64.ActiveCfg = Debug|Any CPU
		{A6990D61-A92F-4F10-B76D-1775DC7813CB}.Debug|x64.Build.0 = Debug|Any CPU
		{A6990D61-A92F-4F10-B76D-1775DC7813CB}.Debug|x86.ActiveCfg = Debug|Any CPU
		{A6990D61-A92F-4F10-B76D-1775DC7813CB}.Debug|x86.Build.0 = Debug|Any CPU
		{A6990D61-A92F-4F10-B76D-1775DC7813CB}.Release|Any CPU.ActiveCfg = Release|Any CPU
		{A6990D61-A92F-4F10-B76D-1775DC7813CB}.Release|Any CPU.Build.0 = Release|Any CPU
		{A6990D61-A92F-4F10-B76D-1775DC7813CB}.Release|x64.ActiveCfg = Release|Any CPU
		{A6990D61-A92F-4F10-B76D-1775DC7813CB}.Release|x64.Build.0 = Release|Any CPU
		{A6990D61-A92F-4F10-B76D-1775DC7813CB}.Release|x86.ActiveCfg = Release|Any CPU
		{A6990D61-A92F-4F10-B76D-1775DC7813CB}.Release|x86.Build.0 = Release|Any CPU
		{707B2362-63FD-4B65-B5AF-FE0DD4B09AB7}.Debug|Any CPU.ActiveCfg = Debug|Win32
		{707B2362-63FD-4B65-B5AF-FE0DD4B09AB7}.Debug|Any CPU.Build.0 = Debug|Win32
		{707B2362-63FD-4B65-B5AF-FE0DD4B09AB7}.Debug|x64.ActiveCfg = Debug|Win32
		{707B2362-63FD-4B65-B5AF-FE0DD4B09AB7}.Debug|x64.Build.0 = Debug|Win32
		{707B2362-63FD-4B65-B5AF-FE0DD4B09AB7}.Debug|x86.ActiveCfg = Debug|Win32
		{707B2362-63FD-4B65-B5AF-FE0DD4B09AB7}.Debug|x86.Build.0 = Debug|Win32
		{707B2362-63FD-4B65-B5AF-FE0DD4B09AB7}.Release|Any CPU.ActiveCfg = Release|Win32
		{707B2362-63FD-4B65-B5AF-FE0DD4B09AB7}.Release|Any CPU.Build.0 = Release|Win32
		{707B2362-63FD-4B65-B5AF-FE0DD4B09AB7}.Release|x64.ActiveCfg = Release|Win32
		{707B2362-63FD-4B65-B5AF-FE0DD4B09AB7}.Release|x64.Build.0 = Release|Win32
		{707B2362-63FD-4B65-B5AF-FE0DD4B09AB7}.Release|x86.ActiveCfg = Release|Win32
		{707B2362-63FD-4B65-B5AF-FE0DD4B09AB7}.Release|x86.Build.0 = Release|Win32
		{58D6E501-CC3B-49D7-A813-50EF311A0B38}.Debug|Any CPU.ActiveCfg = Debug|Any CPU
		{58D6E501-CC3B-49D7-A813-50EF311A0B38}.Debug|Any CPU.Build.0 = Debug|Any CPU
		{58D6E501-CC3B-49D7-A813-50EF311A0B38}.Debug|x64.ActiveCfg = Debug|Any CPU
		{58D6E501-CC3B-49D7-A813-50EF311A0B38}.Debug|x64.Build.0 = Debug|Any CPU
		{58D6E501-CC3B-49D7-A813-50EF311A0B38}.Debug|x86.ActiveCfg = Debug|Any CPU
		{58D6E501-CC3B-49D7-A813-50EF311A0B38}.Debug|x86.Build.0 = Debug|Any CPU
		{58D6E501-CC3B-49D7-A813-50EF311A0B38}.Release|Any CPU.ActiveCfg = Release|Any CPU
		{58D6E501-CC3B-49D7-A813-50EF311A0B38}.Release|Any CPU.Build.0 = Release|Any CPU
		{58D6E501-CC3B-49D7-A813-50EF311A0B38}.Release|x64.ActiveCfg = Release|Any CPU
		{58D6E501-CC3B-49D7-A813-50EF311A0B38}.Release|x64.Build.0 = Release|Any CPU
		{58D6E501-CC3B-49D7-A813-50EF311A0B38}.Release|x86.ActiveCfg = Release|Any CPU
		{58D6E501-CC3B-49D7-A813-50EF311A0B38}.Release|x86.Build.0 = Release|Any CPU
		{69D82AA9-EBFE-4CBC-BEAA-47F8EFFECD65}.Debug|Any CPU.ActiveCfg = Debug|Any CPU
		{69D82AA9-EBFE-4CBC-BEAA-47F8EFFECD65}.Debug|Any CPU.Build.0 = Debug|Any CPU
		{69D82AA9-EBFE-4CBC-BEAA-47F8EFFECD65}.Debug|x64.ActiveCfg = Debug|Any CPU
		{69D82AA9-EBFE-4CBC-BEAA-47F8EFFECD65}.Debug|x64.Build.0 = Debug|Any CPU
		{69D82AA9-EBFE-4CBC-BEAA-47F8EFFECD65}.Debug|x86.ActiveCfg = Debug|Any CPU
		{69D82AA9-EBFE-4CBC-BEAA-47F8EFFECD65}.Debug|x86.Build.0 = Debug|Any CPU
		{69D82AA9-EBFE-4CBC-BEAA-47F8EFFECD65}.Release|Any CPU.ActiveCfg = Release|Any CPU
		{69D82AA9-EBFE-4CBC-BEAA-47F8EFFECD65}.Release|Any CPU.Build.0 = Release|Any CPU
		{69D82AA9-EBFE-4CBC-BEAA-47F8EFFECD65}.Release|x64.ActiveCfg = Release|Any CPU
		{69D82AA9-EBFE-4CBC-BEAA-47F8EFFECD65}.Release|x64.Build.0 = Release|Any CPU
		{69D82AA9-EBFE-4CBC-BEAA-47F8EFFECD65}.Release|x86.ActiveCfg = Release|Any CPU
		{69D82AA9-EBFE-4CBC-BEAA-47F8EFFECD65}.Release|x86.Build.0 = Release|Any CPU
		{66E02DD8-9F1A-4D2F-84FE-5AB7157663B6}.Debug|Any CPU.ActiveCfg = Debug|Any CPU
		{66E02DD8-9F1A-4D2F-84FE-5AB7157663B6}.Debug|Any CPU.Build.0 = Debug|Any CPU
		{66E02DD8-9F1A-4D2F-84FE-5AB7157663B6}.Debug|x64.ActiveCfg = Debug|Any CPU
		{66E02DD8-9F1A-4D2F-84FE-5AB7157663B6}.Debug|x64.Build.0 = Debug|Any CPU
		{66E02DD8-9F1A-4D2F-84FE-5AB7157663B6}.Debug|x86.ActiveCfg = Debug|Any CPU
		{66E02DD8-9F1A-4D2F-84FE-5AB7157663B6}.Debug|x86.Build.0 = Debug|Any CPU
		{66E02DD8-9F1A-4D2F-84FE-5AB7157663B6}.Release|Any CPU.ActiveCfg = Release|Any CPU
		{66E02DD8-9F1A-4D2F-84FE-5AB7157663B6}.Release|Any CPU.Build.0 = Release|Any CPU
		{66E02DD8-9F1A-4D2F-84FE-5AB7157663B6}.Release|x64.ActiveCfg = Release|Any CPU
		{66E02DD8-9F1A-4D2F-84FE-5AB7157663B6}.Release|x64.Build.0 = Release|Any CPU
		{66E02DD8-9F1A-4D2F-84FE-5AB7157663B6}.Release|x86.ActiveCfg = Release|Any CPU
		{66E02DD8-9F1A-4D2F-84FE-5AB7157663B6}.Release|x86.Build.0 = Release|Any CPU
		{6E501365-ECF7-4B27-8058-9040FBBDD017}.Debug|Any CPU.ActiveCfg = Debug|Any CPU
		{6E501365-ECF7-4B27-8058-9040FBBDD017}.Debug|Any CPU.Build.0 = Debug|Any CPU
		{6E501365-ECF7-4B27-8058-9040FBBDD017}.Debug|x64.ActiveCfg = Debug|Any CPU
		{6E501365-ECF7-4B27-8058-9040FBBDD017}.Debug|x64.Build.0 = Debug|Any CPU
		{6E501365-ECF7-4B27-8058-9040FBBDD017}.Debug|x86.ActiveCfg = Debug|Any CPU
		{6E501365-ECF7-4B27-8058-9040FBBDD017}.Debug|x86.Build.0 = Debug|Any CPU
		{6E501365-ECF7-4B27-8058-9040FBBDD017}.Release|Any CPU.ActiveCfg = Release|Any CPU
		{6E501365-ECF7-4B27-8058-9040FBBDD017}.Release|Any CPU.Build.0 = Release|Any CPU
		{6E501365-ECF7-4B27-8058-9040FBBDD017}.Release|x64.ActiveCfg = Release|Any CPU
		{6E501365-ECF7-4B27-8058-9040FBBDD017}.Release|x64.Build.0 = Release|Any CPU
		{6E501365-ECF7-4B27-8058-9040FBBDD017}.Release|x86.ActiveCfg = Release|Any CPU
		{6E501365-ECF7-4B27-8058-9040FBBDD017}.Release|x86.Build.0 = Release|Any CPU
	EndGlobalSection
	GlobalSection(SolutionProperties) = preSolution
		HideSolutionNode = FALSE
	EndGlobalSection
	GlobalSection(ExtensibilityGlobals) = postSolution
		SolutionGuid = {8FC2BB9D-F159-4006-AFB0-0854CB21B23A}
	EndGlobalSection
EndGlobal
